// !$*UTF8*$!
{
	archiveVersion = 1;
	classes = {
	};
	objectVersion = 46;
	objects = {

/* Begin PBXBuildFile section */
		67FF14741D5DEEF60028D1A2 /* main.m in Sources */ = {isa = PBXBuildFile; fileRef = 67FF14731D5DEEF60028D1A2 /* main.m */; };
		67FF14771D5DEEF60028D1A2 /* AppDelegate.m in Sources */ = {isa = PBXBuildFile; fileRef = 67FF14761D5DEEF60028D1A2 /* AppDelegate.m */; };
		67FF147A1D5DEEF60028D1A2 /* ViewController.m in Sources */ = {isa = PBXBuildFile; fileRef = 67FF14791D5DEEF60028D1A2 /* ViewController.m */; };
		67FF147D1D5DEEF60028D1A2 /* Main.storyboard in Resources */ = {isa = PBXBuildFile; fileRef = 67FF147B1D5DEEF60028D1A2 /* Main.storyboard */; };
		67FF147F1D5DEEF60028D1A2 /* Assets.xcassets in Resources */ = {isa = PBXBuildFile; fileRef = 67FF147E1D5DEEF60028D1A2 /* Assets.xcassets */; };
		67FF14821D5DEEF60028D1A2 /* LaunchScreen.storyboard in Resources */ = {isa = PBXBuildFile; fileRef = 67FF14801D5DEEF60028D1A2 /* LaunchScreen.storyboard */; };
		687994CF2357172A0037270C /* KJSchemesTool.m in Sources */ = {isa = PBXBuildFile; fileRef = 687994CE2357172A0037270C /* KJSchemesTool.m */; };
/* End PBXBuildFile section */

/* Begin PBXFileReference section */
		67FF146F1D5DEEF60028D1A2 /* AppDemo1.app */ = {isa = PBXFileReference; explicitFileType = wrapper.application; includeInIndex = 0; path = AppDemo1.app; sourceTree = BUILT_PRODUCTS_DIR; };
		67FF14731D5DEEF60028D1A2 /* main.m */ = {isa = PBXFileReference; lastKnownFileType = sourcecode.c.objc; path = main.m; sourceTree = "<group>"; };
		67FF14751D5DEEF60028D1A2 /* AppDelegate.h */ = {isa = PBXFileReference; lastKnownFileType = sourcecode.c.h; path = AppDelegate.h; sourceTree = "<group>"; };
		67FF14761D5DEEF60028D1A2 /* AppDelegate.m */ = {isa = PBXFileReference; lastKnownFileType = sourcecode.c.objc; path = AppDelegate.m; sourceTree = "<group>"; };
		67FF14781D5DEEF60028D1A2 /* ViewController.h */ = {isa = PBXFileReference; lastKnownFileType = sourcecode.c.h; path = ViewController.h; sourceTree = "<group>"; };
		67FF14791D5DEEF60028D1A2 /* ViewController.m */ = {isa = PBXFileReference; lastKnownFileType = sourcecode.c.objc; path = ViewController.m; sourceTree = "<group>"; };
		67FF147C1D5DEEF60028D1A2 /* Base */ = {isa = PBXFileReference; lastKnownFileType = file.storyboard; name = Base; path = Base.lproj/Main.storyboard; sourceTree = "<group>"; };
		67FF147E1D5DEEF60028D1A2 /* Assets.xcassets */ = {isa = PBXFileReference; lastKnownFileType = folder.assetcatalog; path = Assets.xcassets; sourceTree = "<group>"; };
		67FF14811D5DEEF60028D1A2 /* Base */ = {isa = PBXFileReference; lastKnownFileType = file.storyboard; name = Base; path = Base.lproj/LaunchScreen.storyboard; sourceTree = "<group>"; };
		67FF14831D5DEEF60028D1A2 /* Info.plist */ = {isa = PBXFileReference; lastKnownFileType = text.plist.xml; path = Info.plist; sourceTree = "<group>"; };
		687994CD2357172A0037270C /* KJSchemesTool.h */ = {isa = PBXFileReference; fileEncoding = 4; lastKnownFileType = sourcecode.c.h; path = KJSchemesTool.h; sourceTree = "<group>"; };
		687994CE2357172A0037270C /* KJSchemesTool.m */ = {isa = PBXFileReference; fileEncoding = 4; lastKnownFileType = sourcecode.c.objc; path = KJSchemesTool.m; sourceTree = "<group>"; };
/* End PBXFileReference section */

/* Begin PBXFrameworksBuildPhase section */
		67FF146C1D5DEEF60028D1A2 /* Frameworks */ = {
			isa = PBXFrameworksBuildPhase;
			buildActionMask = 2147483647;
			files = (
			);
			runOnlyForDeploymentPostprocessing = 0;
		};
/* End PBXFrameworksBuildPhase section */

/* Begin PBXGroup section */
		67FF14661D5DEEF60028D1A2 = {
			isa = PBXGroup;
			children = (
				67FF14711D5DEEF60028D1A2 /* AppDemo1 */,
				67FF14701D5DEEF60028D1A2 /* Products */,
			);
			sourceTree = "<group>";
		};
		67FF14701D5DEEF60028D1A2 /* Products */ = {
			isa = PBXGroup;
			children = (
				67FF146F1D5DEEF60028D1A2 /* AppDemo1.app */,
			);
			name = Products;
			sourceTree = "<group>";
		};
		67FF14711D5DEEF60028D1A2 /* AppDemo1 */ = {
			isa = PBXGroup;
			children = (
				687994CC2357172A0037270C /* KJSchemesTool */,
				67FF14751D5DEEF60028D1A2 /* AppDelegate.h */,
				67FF14761D5DEEF60028D1A2 /* AppDelegate.m */,
				67FF14781D5DEEF60028D1A2 /* ViewController.h */,
				67FF14791D5DEEF60028D1A2 /* ViewController.m */,
				67FF147B1D5DEEF60028D1A2 /* Main.storyboard */,
				67FF147E1D5DEEF60028D1A2 /* Assets.xcassets */,
				67FF14801D5DEEF60028D1A2 /* LaunchScreen.storyboard */,
				67FF14831D5DEEF60028D1A2 /* Info.plist */,
				67FF14721D5DEEF60028D1A2 /* Supporting Files */,
			);
			path = AppDemo1;
			sourceTree = "<group>";
		};
		67FF14721D5DEEF60028D1A2 /* Supporting Files */ = {
			isa = PBXGroup;
			children = (
				67FF14731D5DEEF60028D1A2 /* main.m */,
			);
			name = "Supporting Files";
			sourceTree = "<group>";
		};
		687994CC2357172A0037270C /* KJSchemesTool */ = {
			isa = PBXGroup;
			children = (
				687994CD2357172A0037270C /* KJSchemesTool.h */,
				687994CE2357172A0037270C /* KJSchemesTool.m */,
			);
			path = KJSchemesTool;
			sourceTree = "<group>";
		};
/* End PBXGroup section */

/* Begin PBXNativeTarget section */
		67FF146E1D5DEEF60028D1A2 /* AppDemo1 */ = {
			isa = PBXNativeTarget;
			buildConfigurationList = 67FF14861D5DEEF60028D1A2 /* Build configuration list for PBXNativeTarget "AppDemo1" */;
			buildPhases = (
				67FF146B1D5DEEF60028D1A2 /* Sources */,
				67FF146C1D5DEEF60028D1A2 /* Frameworks */,
				67FF146D1D5DEEF60028D1A2 /* Resources */,
			);
			buildRules = (
			);
			dependencies = (
			);
			name = AppDemo1;
			productName = MyAppOne;
			productReference = 67FF146F1D5DEEF60028D1A2 /* AppDemo1.app */;
			productType = "com.apple.product-type.application";
		};
/* End PBXNativeTarget section */

/* Begin PBXProject section */
		67FF14671D5DEEF60028D1A2 /* Project object */ = {
			isa = PBXProject;
			attributes = {
				LastUpgradeCheck = 0730;
				ORGANIZATIONNAME = ODAO;
				TargetAttributes = {
					67FF146E1D5DEEF60028D1A2 = {
						CreatedOnToolsVersion = 7.3.1;
						DevelopmentTeam = A48YQ26WG3;
					};
				};
			};
			buildConfigurationList = 67FF146A1D5DEEF60028D1A2 /* Build configuration list for PBXProject "AppDemo1" */;
			compatibilityVersion = "Xcode 3.2";
			developmentRegion = English;
			hasScannedForEncodings = 0;
			knownRegions = (
				English,
				en,
				Base,
			);
			mainGroup = 67FF14661D5DEEF60028D1A2;
			productRefGroup = 67FF14701D5DEEF60028D1A2 /* Products */;
			projectDirPath = "";
			projectRoot = "";
			targets = (
				67FF146E1D5DEEF60028D1A2 /* AppDemo1 */,
			);
		};
/* End PBXProject section */

/* Begin PBXResourcesBuildPhase section */
		67FF146D1D5DEEF60028D1A2 /* Resources */ = {
			isa = PBXResourcesBuildPhase;
			buildActionMask = 2147483647;
			files = (
				67FF14821D5DEEF60028D1A2 /* LaunchScreen.storyboard in Resources */,
				67FF147F1D5DEEF60028D1A2 /* Assets.xcassets in Resources */,
				67FF147D1D5DEEF60028D1A2 /* Main.storyboard in Resources */,
			);
			runOnlyForDeploymentPostprocessing = 0;
		};
/* End PBXResourcesBuildPhase section */

/* Begin PBXSourcesBuildPhase section */
		67FF146B1D5DEEF60028D1A2 /* Sources */ = {
			isa = PBXSourcesBuildPhase;
			buildActionMask = 2147483647;
			files = (
				67FF147A1D5DEEF60028D1A2 /* ViewController.m in Sources */,
				687994CF2357172A0037270C /* KJSchemesTool.m in Sources */,
				67FF14771D5DEEF60028D1A2 /* AppDelegate.m in Sources */,
				67FF14741D5DEEF60028D1A2 /* main.m in Sources */,
			);
			runOnlyForDeploymentPostprocessing = 0;
		};
/* End PBXSourcesBuildPhase section */

/* Begin PBXVariantGroup section */
		67FF147B1D5DEEF60028D1A2 /* Main.storyboard */ = {
			isa = PBXVariantGroup;
			children = (
				67FF147C1D5DEEF60028D1A2 /* Base */,
			);
			name = Main.storyboard;
			sourceTree = "<group>";
		};
		67FF14801D5DEEF60028D1A2 /* LaunchScreen.storyboard */ = {
			isa = PBXVariantGroup;
			children = (
				67FF14811D5DEEF60028D1A2 /* Base */,
			);
			name = LaunchScreen.storyboard;
			sourceTree = "<group>";
		};
/* End PBXVariantGroup section */

/* Begin XCBuildConfiguration section */
		67FF14841D5DEEF60028D1A2 /* Debug */ = {
			isa = XCBuildConfiguration;
			buildSettings = {
				ALWAYS_SEARCH_USER_PATHS = NO;
				CLANG_ANALYZER_NONNULL = YES;
				CLANG_CXX_LANGUAGE_STANDARD = "gnu++0x";
				CLANG_CXX_LIBRARY = "libc++";
				CLANG_ENABLE_MODULES = YES;
				CLANG_ENABLE_OBJC_ARC = YES;
				CLANG_WARN_BOOL_CONVERSION = YES;
				CLANG_WARN_CONSTANT_CONVERSION = YES;
				CLANG_WARN_DIRECT_OBJC_ISA_USAGE = YES_ERROR;
				CLANG_WARN_EMPTY_BODY = YES;
				CLANG_WARN_ENUM_CONVERSION = YES;
				CLANG_WARN_INT_CONVERSION = YES;
				CLANG_WARN_OBJC_ROOT_CLASS = YES_ERROR;
				CLANG_WARN_UNREACHABLE_CODE = YES;
				CLANG_WARN__DUPLICATE_METHOD_MATCH = YES;
				"CODE_SIGN_IDENTITY[sdk=iphoneos*]" = "iPhone Developer";
				COPY_PHASE_STRIP = NO;
				DEBUG_INFORMATION_FORMAT = dwarf;
				ENABLE_STRICT_OBJC_MSGSEND = YES;
				ENABLE_TESTABILITY = YES;
				GCC_C_LANGUAGE_STANDARD = gnu99;
				GCC_DYNAMIC_NO_PIC = NO;
				GCC_NO_COMMON_BLOCKS = YES;
				GCC_OPTIMIZATION_LEVEL = 0;
				GCC_PREPROCESSOR_DEFINITIONS = (
					"DEBUG=1",
					"$(inherited)",
				);
				GCC_WARN_64_TO_32_BIT_CONVERSION = YES;
				GCC_WARN_ABOUT_RETURN_TYPE = YES_ERROR;
				GCC_WARN_UNDECLARED_SELECTOR = YES;
				GCC_WARN_UNINITIALIZED_AUTOS = YES_AGGRESSIVE;
				GCC_WARN_UNUSED_FUNCTION = YES;
				GCC_WARN_UNUSED_VARIABLE = YES;
				IPHONEOS_DEPLOYMENT_TARGET = 13.0;
				MTL_ENABLE_DEBUG_INFO = YES;
				ONLY_ACTIVE_ARCH = YES;
				SDKROOT = iphoneos;
				TARGETED_DEVICE_FAMILY = "1,2";
			};
			name = Debug;
		};
		67FF14851D5DEEF60028D1A2 /* Release */ = {
			isa = XCBuildConfiguration;
			buildSettings = {
				ALWAYS_SEARCH_USER_PATHS = NO;
				CLANG_ANALYZER_NONNULL = YES;
				CLANG_CXX_LANGUAGE_STANDARD = "gnu++0x";
				CLANG_CXX_LIBRARY = "libc++";
				CLANG_ENABLE_MODULES = YES;
				CLANG_ENABLE_OBJC_ARC = YES;
				CLANG_WARN_BOOL_CONVERSION = YES;
				CLANG_WARN_CONSTANT_CONVERSION = YES;
				CLANG_WARN_DIRECT_OBJC_ISA_USAGE = YES_ERROR;
				CLANG_WARN_EMPTY_BODY = YES;
				CLANG_WARN_ENUM_CONVERSION = YES;
				CLANG_WARN_INT_CONVERSION = YES;
				CLANG_WARN_OBJC_ROOT_CLASS = YES_ERROR;
				CLANG_WARN_UNREACHABLE_CODE = YES;
				CLANG_WARN__DUPLICATE_METHOD_MATCH = YES;
				"CODE_SIGN_IDENTITY[sdk=iphoneos*]" = "iPhone Developer";
				COPY_PHASE_STRIP = NO;
				DEBUG_INFORMATION_FORMAT = "dwarf-with-dsym";
				ENABLE_NS_ASSERTIONS = NO;
				ENABLE_STRICT_OBJC_MSGSEND = YES;
				GCC_C_LANGUAGE_STANDARD = gnu99;
				GCC_NO_COMMON_BLOCKS = YES;
				GCC_WARN_64_TO_32_BIT_CONVERSION = YES;
				GCC_WARN_ABOUT_RETURN_TYPE = YES_ERROR;
				GCC_WARN_UNDECLARED_SELECTOR = YES;
				GCC_WARN_UNINITIALIZED_AUTOS = YES_AGGRESSIVE;
				GCC_WARN_UNUSED_FUNCTION = YES;
				GCC_WARN_UNUSED_VARIABLE = YES;
				IPHONEOS_DEPLOYMENT_TARGET = 13.0;
				MTL_ENABLE_DEBUG_INFO = NO;
				SDKROOT = iphoneos;
				TARGETED_DEVICE_FAMILY = "1,2";
				VALIDATE_PRODUCT = YES;
			};
			name = Release;
		};
		67FF14871D5DEEF60028D1A2 /* Debug */ = {
			isa = XCBuildConfiguration;
			buildSettings = {
				ASSETCATALOG_COMPILER_APPICON_NAME = AppIcon;
				DEVELOPMENT_TEAM = A48YQ26WG3;
				INFOPLIST_FILE = "$(SRCROOT)/AppDemo1/Info.plist";
				IPHONEOS_DEPLOYMENT_TARGET = 13.0;
				LD_RUNPATH_SEARCH_PATHS = "$(inherited) @executable_path/Frameworks";
				PRODUCT_BUNDLE_IDENTIFIER = com.ykj.AppDemo1;
				PRODUCT_NAME = "$(TARGET_NAME)";
			};
			name = Debug;
		};
		67FF14881D5DEEF60028D1A2 /* Release */ = {
			isa = XCBuildConfiguration;
			buildSettings = {
				ASSETCATALOG_COMPILER_APPICON_NAME = AppIcon;
				DEVELOPMENT_TEAM = A48YQ26WG3;
				INFOPLIST_FILE = "$(SRCROOT)/AppDemo1/Info.plist";
				IPHONEOS_DEPLOYMENT_TARGET = 13.0;
				LD_RUNPATH_SEARCH_PATHS = "$(inherited) @executable_path/Frameworks";
				PRODUCT_BUNDLE_IDENTIFIER = com.ykj.AppDemo1;
				PRODUCT_NAME = "$(TARGET_NAME)";
			};
			name = Release;
		};
/* End XCBuildConfiguration section */

/* Begin XCConfigurationList section */
		67FF146A1D5DEEF60028D1A2 /* Build configuration list for PBXProject "AppDemo1" */ = {
			isa = XCConfigurationList;
			buildConfigurations = (
				67FF14841D5DEEF60028D1A2 /* Debug */,
				67FF14851D5DEEF60028D1A2 /* Release */,
			);
			defaultConfigurationIsVisible = 0;
			defaultConfigurationName = Release;
		};
		67FF14861D5DEEF60028D1A2 /* Build configuration list for PBXNativeTarget "AppDemo1" */ = {
			isa = XCConfigurationList;
			buildConfigurations = (
				67FF14871D5DEEF60028D1A2 /* Debug */,
				67FF14881D5DEEF60028D1A2 /* Release */,
			);
			defaultConfigurationIsVisible = 0;
			defaultConfigurationName = Release;
		};
/* End XCConfigurationList section */
	};
	rootObject = 67FF14671D5DEEF60028D1A2 /* Project object */;
}
